
Microsoft Visual Studio Solution File, Format Version 12.00
# Visual Studio Version 17
VisualStudioVersion = 17.3.32929.385
MinimumVisualStudioVersion = 10.0.40219.1
Project("{FAE04EC0-301F-11D3-BF4B-00C04F79EFBC}") = "ExerciceEvaluation", "ExerciceEvaluation\ExerciceEvaluation.csproj", "{ABF84964-B9AF-4090-9261-255A9750CE58}"
EndProject
Global
	GlobalSection(SolutionConfigurationPlatforms) = preSolution
		Debug|Any CPU = Debug|Any CPU
		Release|Any CPU = Release|Any CPU
	EndGlobalSection
	GlobalSection(ProjectConfigurationPlatforms) = postSolution
		{ABF84964-B9AF-4090-9261-255A9750CE58}.Debug|Any CPU.ActiveCfg = Debug|Any CPU
		{ABF84964-B9AF-4090-9261-255A9750CE58}.Debug|Any CPU.Build.0 = Debug|Any CPU
		{ABF84964-B9AF-4090-9261-255A9750CE58}.Release|Any CPU.ActiveCfg = Release|Any CPU
		{ABF84964-B9AF-4090-9261-255A9750CE58}.Release|Any CPU.Build.0 = Release|Any CPU
	EndGlobalSection
	GlobalSection(SolutionProperties) = preSolution
		HideSolutionNode = FALSE
	EndGlobalSection
	GlobalSection(ExtensibilityGlobals) = postSolution
		SolutionGuid = {D0A3B72F-778A-4C2A-A9B8-4AA25A34C599}
	EndGlobalSection
EndGlobal
